
Microsoft Visual Studio Solution File, Format Version 12.00
# Visual Studio Version 16
VisualStudioVersion = 16.6.30114.105
MinimumVisualStudioVersion = 10.0.40219.1
Project("{2150E333-8FDC-42A3-9474-1A3956D46DE8}") = "test", "test", "{189F14E1-E916-4128-8A64-FC7FFCAE7C5A}"
EndProject
Project("{FAE04EC0-301F-11D3-BF4B-00C04F79EFBC}") = "PrimitiveTypeTests", "test\PrimitiveTypeTests\PrimitiveTypeTests.csproj", "{585BB384-9B49-4A02-85B5-991339B6F160}"
EndProject
Project("{2150E333-8FDC-42A3-9474-1A3956D46DE8}") = "src", "src", "{01CA9551-F12D-4342-88E2-81977BC45EDC}"
EndProject
Project("{FAE04EC0-301F-11D3-BF4B-00C04F79EFBC}") = "ExpressionVisitorDemo", "src\ExpressionVisitorDemo\ExpressionVisitorDemo.csproj", "{10D9D0A3-0973-4A92-922D-F8441A616D77}"
EndProject
Global
	GlobalSection(SolutionConfigurationPlatforms) = preSolution
		Debug|Any CPU = Debug|Any CPU
		Debug|x64 = Debug|x64
		Debug|x86 = Debug|x86
		Release|Any CPU = Release|Any CPU
		Release|x64 = Release|x64
		Release|x86 = Release|x86
	EndGlobalSection
	GlobalSection(ProjectConfigurationPlatforms) = postSolution
		{585BB384-9B49-4A02-85B5-991339B6F160}.Debug|Any CPU.ActiveCfg = Debug|Any CPU
		{585BB384-9B49-4A02-85B5-991339B6F160}.Debug|Any CPU.Build.0 = Debug|Any CPU
		{585BB384-9B49-4A02-85B5-991339B6F160}.Debug|x64.ActiveCfg = Debug|Any CPU
		{585BB384-9B49-4A02-85B5-991339B6F160}.Debug|x64.Build.0 = Debug|Any CPU
		{585BB384-9B49-4A02-85B5-991339B6F160}.Debug|x86.ActiveCfg = Debug|Any CPU
		{585BB384-9B49-4A02-85B5-991339B6F160}.Debug|x86.Build.0 = Debug|Any CPU
		{585BB384-9B49-4A02-85B5-991339B6F160}.Release|Any CPU.ActiveCfg = Release|Any CPU
		{585BB384-9B49-4A02-85B5-991339B6F160}.Release|Any CPU.Build.0 = Release|Any CPU
		{585BB384-9B49-4A02-85B5-991339B6F160}.Release|x64.ActiveCfg = Release|Any CPU
		{585BB384-9B49-4A02-85B5-991339B6F160}.Release|x64.Build.0 = Release|Any CPU
		{585BB384-9B49-4A02-85B5-991339B6F160}.Release|x86.ActiveCfg = Release|Any CPU
		{585BB384-9B49-4A02-85B5-991339B6F160}.Release|x86.Build.0 = Release|Any CPU
		{10D9D0A3-0973-4A92-922D-F8441A616D77}.Debug|Any CPU.ActiveCfg = Debug|Any CPU
		{10D9D0A3-0973-4A92-922D-F8441A616D77}.Debug|Any CPU.Build.0 = Debug|Any CPU
		{10D9D0A3-0973-4A92-922D-F8441A616D77}.Debug|x64.ActiveCfg = Debug|Any CPU
		{10D9D0A3-0973-4A92-922D-F8441A616D77}.Debug|x64.Build.0 = Debug|Any CPU
		{10D9D0A3-0973-4A92-922D-F8441A616D77}.Debug|x86.ActiveCfg = Debug|Any CPU
		{10D9D0A3-0973-4A92-922D-F8441A616D77}.Debug|x86.Build.0 = Debug|Any CPU
		{10D9D0A3-0973-4A92-922D-F8441A616D77}.Release|Any CPU.ActiveCfg = Release|Any CPU
		{10D9D0A3-0973-4A92-922D-F8441A616D77}.Release|Any CPU.Build.0 = Release|Any CPU
		{10D9D0A3-0973-4A92-922D-F8441A616D77}.Release|x64.ActiveCfg = Release|Any CPU
		{10D9D0A3-0973-4A92-922D-F8441A616D77}.Release|x64.Build.0 = Release|Any CPU
		{10D9D0A3-0973-4A92-922D-F8441A616D77}.Release|x86.ActiveCfg = Release|Any CPU
		{10D9D0A3-0973-4A92-922D-F8441A616D77}.Release|x86.Build.0 = Release|Any CPU
	EndGlobalSection
	GlobalSection(SolutionProperties) = preSolution
		HideSolutionNode = FALSE
	EndGlobalSection
	GlobalSection(NestedProjects) = preSolution
		{585BB384-9B49-4A02-85B5-991339B6F160} = {189F14E1-E916-4128-8A64-FC7FFCAE7C5A}
		{10D9D0A3-0973-4A92-922D-F8441A616D77} = {01CA9551-F12D-4342-88E2-81977BC45EDC}
	EndGlobalSection
	GlobalSection(ExtensibilityGlobals) = postSolution
		SolutionGuid = {C3101C16-EB42-4F45-A6CE-3B5102DE93E4}
	EndGlobalSection
EndGlobal
