
Microsoft Visual Studio Solution File, Format Version 12.00
# Visual Studio Version 17
VisualStudioVersion = 17.0.32112.339
MinimumVisualStudioVersion = 10.0.40219.1
Project("{2150E333-8FDC-42A3-9474-1A3956D46DE8}") = "test", "test", "{189F14E1-E916-4128-8A64-FC7FFCAE7C5A}"
EndProject
Project("{9A19103F-16F7-4668-BE54-9A1E7A4F7556}") = "PrimitiveTypeTests", "test\PrimitiveTypeTests\PrimitiveTypeTests.csproj", "{585BB384-9B49-4A02-85B5-991339B6F160}"
EndProject
Project("{2150E333-8FDC-42A3-9474-1A3956D46DE8}") = "src", "src", "{01CA9551-F12D-4342-88E2-81977BC45EDC}"
EndProject
Project("{9A19103F-16F7-4668-BE54-9A1E7A4F7556}") = "ExpressionDemo", "src\ExpressionDemo\ExpressionDemo.csproj", "{10D9D0A3-0973-4A92-922D-F8441A616D77}"
EndProject
Project("{9A19103F-16F7-4668-BE54-9A1E7A4F7556}") = "EntityFrameworkCoreDemo", "src\EntityFrameworkCoreDemo\EntityFrameworkCoreDemo.csproj", "{1A31AB67-0597-460E-AEF7-9CFA557BFCB2}"
EndProject
Project("{9A19103F-16F7-4668-BE54-9A1E7A4F7556}") = "Utilities", "src\Utilities\Utilities.csproj", "{12DAB5B7-1AE8-4027-8CBF-DB36CEBC72B4}"
EndProject
Project("{9A19103F-16F7-4668-BE54-9A1E7A4F7556}") = "ConcurrentTest", "test\ConcurrentTest\ConcurrentTest.csproj", "{201815E4-F414-4882-BEE1-0ACEFC192C13}"
EndProject
Project("{9A19103F-16F7-4668-BE54-9A1E7A4F7556}") = "BasicDemo", "src\BasicDemo\BasicDemo.csproj", "{27D9C588-CB9C-42C8-9284-13C9894A0914}"
EndProject
Project("{9A19103F-16F7-4668-BE54-9A1E7A4F7556}") = "AspNetCoreDemo", "src\AspNetCoreDemo\AspNetCoreDemo.csproj", "{6A0FC18C-FDD4-404A-B117-2921FF749AD6}"
EndProject
Global
	GlobalSection(SolutionConfigurationPlatforms) = preSolution
		Debug|Any CPU = Debug|Any CPU
		Debug|x64 = Debug|x64
		Debug|x86 = Debug|x86
		Release|Any CPU = Release|Any CPU
		Release|x64 = Release|x64
		Release|x86 = Release|x86
	EndGlobalSection
	GlobalSection(ProjectConfigurationPlatforms) = postSolution
		{585BB384-9B49-4A02-85B5-991339B6F160}.Debug|Any CPU.ActiveCfg = Debug|Any CPU
		{585BB384-9B49-4A02-85B5-991339B6F160}.Debug|Any CPU.Build.0 = Debug|Any CPU
		{585BB384-9B49-4A02-85B5-991339B6F160}.Debug|x64.ActiveCfg = Debug|Any CPU
		{585BB384-9B49-4A02-85B5-991339B6F160}.Debug|x64.Build.0 = Debug|Any CPU
		{585BB384-9B49-4A02-85B5-991339B6F160}.Debug|x86.ActiveCfg = Debug|Any CPU
		{585BB384-9B49-4A02-85B5-991339B6F160}.Debug|x86.Build.0 = Debug|Any CPU
		{585BB384-9B49-4A02-85B5-991339B6F160}.Release|Any CPU.ActiveCfg = Release|Any CPU
		{585BB384-9B49-4A02-85B5-991339B6F160}.Release|Any CPU.Build.0 = Release|Any CPU
		{585BB384-9B49-4A02-85B5-991339B6F160}.Release|x64.ActiveCfg = Release|Any CPU
		{585BB384-9B49-4A02-85B5-991339B6F160}.Release|x64.Build.0 = Release|Any CPU
		{585BB384-9B49-4A02-85B5-991339B6F160}.Release|x86.ActiveCfg = Release|Any CPU
		{585BB384-9B49-4A02-85B5-991339B6F160}.Release|x86.Build.0 = Release|Any CPU
		{10D9D0A3-0973-4A92-922D-F8441A616D77}.Debug|Any CPU.ActiveCfg = Debug|Any CPU
		{10D9D0A3-0973-4A92-922D-F8441A616D77}.Debug|Any CPU.Build.0 = Debug|Any CPU
		{10D9D0A3-0973-4A92-922D-F8441A616D77}.Debug|x64.ActiveCfg = Debug|Any CPU
		{10D9D0A3-0973-4A92-922D-F8441A616D77}.Debug|x64.Build.0 = Debug|Any CPU
		{10D9D0A3-0973-4A92-922D-F8441A616D77}.Debug|x86.ActiveCfg = Debug|Any CPU
		{10D9D0A3-0973-4A92-922D-F8441A616D77}.Debug|x86.Build.0 = Debug|Any CPU
		{10D9D0A3-0973-4A92-922D-F8441A616D77}.Release|Any CPU.ActiveCfg = Release|Any CPU
		{10D9D0A3-0973-4A92-922D-F8441A616D77}.Release|Any CPU.Build.0 = Release|Any CPU
		{10D9D0A3-0973-4A92-922D-F8441A616D77}.Release|x64.ActiveCfg = Release|Any CPU
		{10D9D0A3-0973-4A92-922D-F8441A616D77}.Release|x64.Build.0 = Release|Any CPU
		{10D9D0A3-0973-4A92-922D-F8441A616D77}.Release|x86.ActiveCfg = Release|Any CPU
		{10D9D0A3-0973-4A92-922D-F8441A616D77}.Release|x86.Build.0 = Release|Any CPU
		{1A31AB67-0597-460E-AEF7-9CFA557BFCB2}.Debug|Any CPU.ActiveCfg = Debug|Any CPU
		{1A31AB67-0597-460E-AEF7-9CFA557BFCB2}.Debug|Any CPU.Build.0 = Debug|Any CPU
		{1A31AB67-0597-460E-AEF7-9CFA557BFCB2}.Debug|x64.ActiveCfg = Debug|Any CPU
		{1A31AB67-0597-460E-AEF7-9CFA557BFCB2}.Debug|x64.Build.0 = Debug|Any CPU
		{1A31AB67-0597-460E-AEF7-9CFA557BFCB2}.Debug|x86.ActiveCfg = Debug|Any CPU
		{1A31AB67-0597-460E-AEF7-9CFA557BFCB2}.Debug|x86.Build.0 = Debug|Any CPU
		{1A31AB67-0597-460E-AEF7-9CFA557BFCB2}.Release|Any CPU.ActiveCfg = Release|Any CPU
		{1A31AB67-0597-460E-AEF7-9CFA557BFCB2}.Release|Any CPU.Build.0 = Release|Any CPU
		{1A31AB67-0597-460E-AEF7-9CFA557BFCB2}.Release|x64.ActiveCfg = Release|Any CPU
		{1A31AB67-0597-460E-AEF7-9CFA557BFCB2}.Release|x64.Build.0 = Release|Any CPU
		{1A31AB67-0597-460E-AEF7-9CFA557BFCB2}.Release|x86.ActiveCfg = Release|Any CPU
		{1A31AB67-0597-460E-AEF7-9CFA557BFCB2}.Release|x86.Build.0 = Release|Any CPU
		{12DAB5B7-1AE8-4027-8CBF-DB36CEBC72B4}.Debug|Any CPU.ActiveCfg = Debug|Any CPU
		{12DAB5B7-1AE8-4027-8CBF-DB36CEBC72B4}.Debug|Any CPU.Build.0 = Debug|Any CPU
		{12DAB5B7-1AE8-4027-8CBF-DB36CEBC72B4}.Debug|x64.ActiveCfg = Debug|Any CPU
		{12DAB5B7-1AE8-4027-8CBF-DB36CEBC72B4}.Debug|x64.Build.0 = Debug|Any CPU
		{12DAB5B7-1AE8-4027-8CBF-DB36CEBC72B4}.Debug|x86.ActiveCfg = Debug|Any CPU
		{12DAB5B7-1AE8-4027-8CBF-DB36CEBC72B4}.Debug|x86.Build.0 = Debug|Any CPU
		{12DAB5B7-1AE8-4027-8CBF-DB36CEBC72B4}.Release|Any CPU.ActiveCfg = Release|Any CPU
		{12DAB5B7-1AE8-4027-8CBF-DB36CEBC72B4}.Release|Any CPU.Build.0 = Release|Any CPU
		{12DAB5B7-1AE8-4027-8CBF-DB36CEBC72B4}.Release|x64.ActiveCfg = Release|Any CPU
		{12DAB5B7-1AE8-4027-8CBF-DB36CEBC72B4}.Release|x64.Build.0 = Release|Any CPU
		{12DAB5B7-1AE8-4027-8CBF-DB36CEBC72B4}.Release|x86.ActiveCfg = Release|Any CPU
		{12DAB5B7-1AE8-4027-8CBF-DB36CEBC72B4}.Release|x86.Build.0 = Release|Any CPU
		{201815E4-F414-4882-BEE1-0ACEFC192C13}.Debug|Any CPU.ActiveCfg = Debug|Any CPU
		{201815E4-F414-4882-BEE1-0ACEFC192C13}.Debug|Any CPU.Build.0 = Debug|Any CPU
		{201815E4-F414-4882-BEE1-0ACEFC192C13}.Debug|x64.ActiveCfg = Debug|Any CPU
		{201815E4-F414-4882-BEE1-0ACEFC192C13}.Debug|x64.Build.0 = Debug|Any CPU
		{201815E4-F414-4882-BEE1-0ACEFC192C13}.Debug|x86.ActiveCfg = Debug|Any CPU
		{201815E4-F414-4882-BEE1-0ACEFC192C13}.Debug|x86.Build.0 = Debug|Any CPU
		{201815E4-F414-4882-BEE1-0ACEFC192C13}.Release|Any CPU.ActiveCfg = Release|Any CPU
		{201815E4-F414-4882-BEE1-0ACEFC192C13}.Release|Any CPU.Build.0 = Release|Any CPU
		{201815E4-F414-4882-BEE1-0ACEFC192C13}.Release|x64.ActiveCfg = Release|Any CPU
		{201815E4-F414-4882-BEE1-0ACEFC192C13}.Release|x64.Build.0 = Release|Any CPU
		{201815E4-F414-4882-BEE1-0ACEFC192C13}.Release|x86.ActiveCfg = Release|Any CPU
		{201815E4-F414-4882-BEE1-0ACEFC192C13}.Release|x86.Build.0 = Release|Any CPU
		{27D9C588-CB9C-42C8-9284-13C9894A0914}.Debug|Any CPU.ActiveCfg = Debug|Any CPU
		{27D9C588-CB9C-42C8-9284-13C9894A0914}.Debug|Any CPU.Build.0 = Debug|Any CPU
		{27D9C588-CB9C-42C8-9284-13C9894A0914}.Debug|x64.ActiveCfg = Debug|Any CPU
		{27D9C588-CB9C-42C8-9284-13C9894A0914}.Debug|x64.Build.0 = Debug|Any CPU
		{27D9C588-CB9C-42C8-9284-13C9894A0914}.Debug|x86.ActiveCfg = Debug|Any CPU
		{27D9C588-CB9C-42C8-9284-13C9894A0914}.Debug|x86.Build.0 = Debug|Any CPU
		{27D9C588-CB9C-42C8-9284-13C9894A0914}.Release|Any CPU.ActiveCfg = Release|Any CPU
		{27D9C588-CB9C-42C8-9284-13C9894A0914}.Release|Any CPU.Build.0 = Release|Any CPU
		{27D9C588-CB9C-42C8-9284-13C9894A0914}.Release|x64.ActiveCfg = Release|Any CPU
		{27D9C588-CB9C-42C8-9284-13C9894A0914}.Release|x64.Build.0 = Release|Any CPU
		{27D9C588-CB9C-42C8-9284-13C9894A0914}.Release|x86.ActiveCfg = Release|Any CPU
		{27D9C588-CB9C-42C8-9284-13C9894A0914}.Release|x86.Build.0 = Release|Any CPU
		{6A0FC18C-FDD4-404A-B117-2921FF749AD6}.Debug|Any CPU.ActiveCfg = Debug|Any CPU
		{6A0FC18C-FDD4-404A-B117-2921FF749AD6}.Debug|Any CPU.Build.0 = Debug|Any CPU
		{6A0FC18C-FDD4-404A-B117-2921FF749AD6}.Debug|x64.ActiveCfg = Debug|Any CPU
		{6A0FC18C-FDD4-404A-B117-2921FF749AD6}.Debug|x64.Build.0 = Debug|Any CPU
		{6A0FC18C-FDD4-404A-B117-2921FF749AD6}.Debug|x86.ActiveCfg = Debug|Any CPU
		{6A0FC18C-FDD4-404A-B117-2921FF749AD6}.Debug|x86.Build.0 = Debug|Any CPU
		{6A0FC18C-FDD4-404A-B117-2921FF749AD6}.Release|Any CPU.ActiveCfg = Release|Any CPU
		{6A0FC18C-FDD4-404A-B117-2921FF749AD6}.Release|Any CPU.Build.0 = Release|Any CPU
		{6A0FC18C-FDD4-404A-B117-2921FF749AD6}.Release|x64.ActiveCfg = Release|Any CPU
		{6A0FC18C-FDD4-404A-B117-2921FF749AD6}.Release|x64.Build.0 = Release|Any CPU
		{6A0FC18C-FDD4-404A-B117-2921FF749AD6}.Release|x86.ActiveCfg = Release|Any CPU
		{6A0FC18C-FDD4-404A-B117-2921FF749AD6}.Release|x86.Build.0 = Release|Any CPU
	EndGlobalSection
	GlobalSection(SolutionProperties) = preSolution
		HideSolutionNode = FALSE
	EndGlobalSection
	GlobalSection(NestedProjects) = preSolution
		{585BB384-9B49-4A02-85B5-991339B6F160} = {189F14E1-E916-4128-8A64-FC7FFCAE7C5A}
		{10D9D0A3-0973-4A92-922D-F8441A616D77} = {01CA9551-F12D-4342-88E2-81977BC45EDC}
		{1A31AB67-0597-460E-AEF7-9CFA557BFCB2} = {01CA9551-F12D-4342-88E2-81977BC45EDC}
		{12DAB5B7-1AE8-4027-8CBF-DB36CEBC72B4} = {01CA9551-F12D-4342-88E2-81977BC45EDC}
		{201815E4-F414-4882-BEE1-0ACEFC192C13} = {189F14E1-E916-4128-8A64-FC7FFCAE7C5A}
		{27D9C588-CB9C-42C8-9284-13C9894A0914} = {01CA9551-F12D-4342-88E2-81977BC45EDC}
		{6A0FC18C-FDD4-404A-B117-2921FF749AD6} = {01CA9551-F12D-4342-88E2-81977BC45EDC}
	EndGlobalSection
	GlobalSection(ExtensibilityGlobals) = postSolution
		SolutionGuid = {C3101C16-EB42-4F45-A6CE-3B5102DE93E4}
	EndGlobalSection
EndGlobal
